
Microsoft Visual Studio Solution File, Format Version 12.00
# Visual Studio 15
VisualStudioVersion = 15.0.27703.2035
MinimumVisualStudioVersion = 10.0.40219.1
Project("{FAE04EC0-301F-11D3-BF4B-00C04F79EFBC}") = "BankingSystem", "BankingSystem\BankingSystem.csproj", "{5535A1D6-6676-4A30-86B3-E26FD7A5422B}"
EndProject
Global
	GlobalSection(SolutionConfigurationPlatforms) = preSolution
		Debug|Any CPU = Debug|Any CPU
		Release|Any CPU = Release|Any CPU
	EndGlobalSection
	GlobalSection(ProjectConfigurationPlatforms) = postSolution
		{5535A1D6-6676-4A30-86B3-E26FD7A5422B}.Debug|Any CPU.ActiveCfg = Debug|Any CPU
		{5535A1D6-6676-4A30-86B3-E26FD7A5422B}.Debug|Any CPU.Build.0 = Debug|Any CPU
		{5535A1D6-6676-4A30-86B3-E26FD7A5422B}.Release|Any CPU.ActiveCfg = Release|Any CPU
		{5535A1D6-6676-4A30-86B3-E26FD7A5422B}.Release|Any CPU.Build.0 = Release|Any CPU
	EndGlobalSection
	GlobalSection(SolutionProperties) = preSolution
		HideSolutionNode = FALSE
	EndGlobalSection
	GlobalSection(ExtensibilityGlobals) = postSolution
		SolutionGuid = {4F19EEAD-A749-40CA-92EE-17B8240D188F}
	EndGlobalSection
EndGlobal
